{
  "originHash" : "d015919c72c67dab8c762dbf64b987f7deeaa260a05fc1fd19ada96026222a97",
  "pins" : [
    {
      "identity" : "maplibre-gl-native-distribution",
      "kind" : "remoteSourceControl",
      "location" : "https://github.com/maplibre/maplibre-gl-native-distribution",
      "state" : {
        "revision" : "5653176ee412d4fc6b9acba3953ccccf7d86a6b6",
        "version" : "6.16.0"
      }
    }
  ],
  "version" : 3
}
