{
  "originHash" : "9f30a4de1406de6670acf39db7c40d98c089f8206e50d614967529fca2898931",
  "pins" : [
    {
      "identity" : "indoorssdk-ios",
      "kind" : "remoteSourceControl",
      "location" : "https://github.com/indoorsnavigation/IndoorsSDK-iOS",
      "state" : {
        "revision" : "0fe6f5fb76068d7889d36f85c16d0c4ae78b312f",
        "version" : "3.3.91"
      }
    },
    {
      "identity" : "maplibre-gl-native-distribution",
      "kind" : "remoteSourceControl",
      "location" : "https://github.com/maplibre/maplibre-gl-native-distribution",
      "state" : {
        "revision" : "ffda61e298c1490d4860d5184e80d618aaadc089",
        "version" : "5.13.0"
      }
    }
  ],
  "version" : 3
}
